
Microsoft Visual Studio Solution File, Format Version 11.00
# Visual Studio 2010
Project("{FAE04EC0-301F-11D3-BF4B-00C04F79EFBC}") = "UnityEngine.TestRunner", "UnityEngine.TestRunner.csproj", "{cccbde86-58e9-6c63-0d16-dce037bdf6ad}"
EndProject
Project("{FAE04EC0-301F-11D3-BF4B-00C04F79EFBC}") = "UnityEngine.UI", "UnityEngine.UI.csproj", "{62ef6651-b149-f883-4ce9-414b06c593e4}"
EndProject
Project("{FAE04EC0-301F-11D3-BF4B-00C04F79EFBC}") = "Unity.VisualScripting.Flow", "Unity.VisualScripting.Flow.csproj", "{a7e66def-7012-1ae1-b1fd-c1621edb193f}"
EndProject
Project("{FAE04EC0-301F-11D3-BF4B-00C04F79EFBC}") = "Unity.VisualScripting.State", "Unity.VisualScripting.State.csproj", "{cf9a3a48-1e62-1aaf-e9d1-0912c749b32f}"
EndProject
Project("{FAE04EC0-301F-11D3-BF4B-00C04F79EFBC}") = "Unity.VisualScripting.Core", "Unity.VisualScripting.Core.csproj", "{d938f592-1bb7-37b0-0f15-4744fcbd9cdb}"
EndProject
Project("{FAE04EC0-301F-11D3-BF4B-00C04F79EFBC}") = "Unity.TextMeshPro", "Unity.TextMeshPro.csproj", "{230dbdc1-e576-b80d-f998-df084aab2e0d}"
EndProject
Project("{FAE04EC0-301F-11D3-BF4B-00C04F79EFBC}") = "Unity.Timeline", "Unity.Timeline.csproj", "{cf19554f-e3d7-1a02-6e78-ce036fd99d7f}"
EndProject
Project("{FAE04EC0-301F-11D3-BF4B-00C04F79EFBC}") = "Assembly-CSharp", "Assembly-CSharp.csproj", "{b28fb5b2-6244-0c6b-a872-40dd957e5fe0}"
EndProject
Project("{FAE04EC0-301F-11D3-BF4B-00C04F79EFBC}") = "Unity.PlasticSCM.Editor", "Unity.PlasticSCM.Editor.csproj", "{7ac58f46-0b55-b77a-2da2-a2d4c0428819}"
EndProject
Project("{FAE04EC0-301F-11D3-BF4B-00C04F79EFBC}") = "Unity.VisualScripting.Core.Editor", "Unity.VisualScripting.Core.Editor.csproj", "{5a37998e-277c-4eaf-6b8d-74b18ceda23c}"
EndProject
Project("{FAE04EC0-301F-11D3-BF4B-00C04F79EFBC}") = "Unity.VisualScripting.Flow.Editor", "Unity.VisualScripting.Flow.Editor.csproj", "{bd4b215b-febe-3b31-abba-9017d95f2441}"
EndProject
Project("{FAE04EC0-301F-11D3-BF4B-00C04F79EFBC}") = "Unity.VisualStudio.Editor", "Unity.VisualStudio.Editor.csproj", "{2df4b4e3-b466-ff9f-daca-fc7298f5ebfa}"
EndProject
Project("{FAE04EC0-301F-11D3-BF4B-00C04F79EFBC}") = "Unity.Timeline.Editor", "Unity.Timeline.Editor.csproj", "{210cded5-2771-6425-597b-b50456ea80a2}"
EndProject
Project("{FAE04EC0-301F-11D3-BF4B-00C04F79EFBC}") = "Unity.VisualScripting.State.Editor", "Unity.VisualScripting.State.Editor.csproj", "{8c52a1bb-9f20-b73f-d513-0c4ffdb49d2f}"
EndProject
Project("{FAE04EC0-301F-11D3-BF4B-00C04F79EFBC}") = "Unity.TextMeshPro.Editor", "Unity.TextMeshPro.Editor.csproj", "{4e861c9a-a1be-fbee-ca45-cf9c1e24c27e}"
EndProject
Project("{FAE04EC0-301F-11D3-BF4B-00C04F79EFBC}") = "Unity.VisualScripting.SettingsProvider.Editor", "Unity.VisualScripting.SettingsProvider.Editor.csproj", "{e9b01e3b-5011-d24b-8276-56b8f8951aad}"
EndProject
Project("{FAE04EC0-301F-11D3-BF4B-00C04F79EFBC}") = "Unity.CollabProxy.Editor", "Unity.CollabProxy.Editor.csproj", "{a095f737-2d7b-edf2-d868-2c8f2c06fa1d}"
EndProject
Project("{FAE04EC0-301F-11D3-BF4B-00C04F79EFBC}") = "UnityEditor.TestRunner", "UnityEditor.TestRunner.csproj", "{0236bd79-9ef4-5ffc-d168-d55e8032f8c9}"
EndProject
Project("{FAE04EC0-301F-11D3-BF4B-00C04F79EFBC}") = "Unity.Rider.Editor", "Unity.Rider.Editor.csproj", "{9c4f6a32-f020-78e0-29a3-6605a766ba46}"
EndProject
Project("{FAE04EC0-301F-11D3-BF4B-00C04F79EFBC}") = "Unity.Services.Core.Editor", "Unity.Services.Core.Editor.csproj", "{9ac698a3-68ea-62d1-d2f9-ca9d1769f037}"
EndProject
Project("{FAE04EC0-301F-11D3-BF4B-00C04F79EFBC}") = "Unity.VSCode.Editor", "Unity.VSCode.Editor.csproj", "{f065fe02-6efa-2ffb-dc1e-cb733254dfaf}"
EndProject
Project("{FAE04EC0-301F-11D3-BF4B-00C04F79EFBC}") = "UnityEditor.UI", "UnityEditor.UI.csproj", "{f09ed546-8867-0dc1-25dd-0d8144eb4b31}"
EndProject
Project("{FAE04EC0-301F-11D3-BF4B-00C04F79EFBC}") = "Unity.VisualScripting.Shared.Editor", "Unity.VisualScripting.Shared.Editor.csproj", "{bee6e4e9-c8a4-2e59-9f83-d43ce19f23b2}"
EndProject
Project("{FAE04EC0-301F-11D3-BF4B-00C04F79EFBC}") = "UnityEngine.TestRunner", "UnityEngine.TestRunner.Player.csproj", "{378c8d03-8db1-14de-77ee-3da758a93ec5}"
EndProject
Project("{FAE04EC0-301F-11D3-BF4B-00C04F79EFBC}") = "UnityEngine.UI", "UnityEngine.UI.Player.csproj", "{8c78bd32-0ab7-308d-7755-45aed3715aff}"
EndProject
Project("{FAE04EC0-301F-11D3-BF4B-00C04F79EFBC}") = "Unity.VisualScripting.Flow", "Unity.VisualScripting.Flow.Player.csproj", "{c15754f4-52d7-4cf3-8bb7-f28c624539a7}"
EndProject
Project("{FAE04EC0-301F-11D3-BF4B-00C04F79EFBC}") = "Unity.VisualScripting.State", "Unity.VisualScripting.State.Player.csproj", "{7e13d519-5798-512e-f467-e531e3a8d35d}"
EndProject
Project("{FAE04EC0-301F-11D3-BF4B-00C04F79EFBC}") = "Unity.VisualScripting.Core", "Unity.VisualScripting.Core.Player.csproj", "{b06d3ca6-b357-d955-b036-6a8215d8523a}"
EndProject
Project("{FAE04EC0-301F-11D3-BF4B-00C04F79EFBC}") = "Unity.TextMeshPro", "Unity.TextMeshPro.Player.csproj", "{752cb18e-d8e8-1481-2aa9-038d7431eee6}"
EndProject
Project("{FAE04EC0-301F-11D3-BF4B-00C04F79EFBC}") = "Unity.Timeline", "Unity.Timeline.Player.csproj", "{a76e8d15-bdcd-2d77-a052-026874086e0d}"
EndProject
Project("{FAE04EC0-301F-11D3-BF4B-00C04F79EFBC}") = "Assembly-CSharp", "Assembly-CSharp.Player.csproj", "{95b2abba-d3a0-2600-0048-15fa25928375}"
EndProject
Project("{FAE04EC0-301F-11D3-BF4B-00C04F79EFBC}") = "Unity.PlasticSCM.EditorTests", "Unity.PlasticSCM.EditorTests.Player.csproj", "{320b1eb4-dabe-dd6a-5b8c-92ceb548c46e}"
EndProject
Project("{FAE04EC0-301F-11D3-BF4B-00C04F79EFBC}") = "Unity.TextMeshPro.Editor.Tests", "Unity.TextMeshPro.Editor.Tests.Player.csproj", "{7f9f6ee0-ff5d-bfc9-47e3-f93e224f6601}"
EndProject
Project("{FAE04EC0-301F-11D3-BF4B-00C04F79EFBC}") = "DocCodeExamples", "DocCodeExamples.Player.csproj", "{9d80f422-0f1d-d975-251a-2f79ca1d37ac}"
EndProject
Project("{FAE04EC0-301F-11D3-BF4B-00C04F79EFBC}") = "Unity.CollabProxy.EditorTests", "Unity.CollabProxy.EditorTests.Player.csproj", "{2f27e388-081e-aeda-632c-0e9a8d0c262a}"
EndProject
Project("{FAE04EC0-301F-11D3-BF4B-00C04F79EFBC}") = "UnityEngine.UI.Tests", "UnityEngine.UI.Tests.Player.csproj", "{9da403d9-ed46-c345-cec9-3c56c78780f4}"
EndProject
Project("{FAE04EC0-301F-11D3-BF4B-00C04F79EFBC}") = "Unity.TextMeshPro.Tests", "Unity.TextMeshPro.Tests.Player.csproj", "{54695ee6-b521-97d0-f842-daf2883497f2}"
EndProject
Project("{FAE04EC0-301F-11D3-BF4B-00C04F79EFBC}") = "UnityEditor.UI.EditorTests", "UnityEditor.UI.EditorTests.Player.csproj", "{3f2fe96c-1e54-08b0-816d-f7b5b85f0597}"
EndProject
Global
	GlobalSection(SolutionConfigurationPlatforms) = preSolution
		Debug|Any CPU = Debug|Any CPU
	EndGlobalSection
	GlobalSection(ProjectConfigurationPlatforms) = postSolution
		{cccbde86-58e9-6c63-0d16-dce037bdf6ad}.Debug|Any CPU.ActiveCfg = Debug|Any CPU
		{cccbde86-58e9-6c63-0d16-dce037bdf6ad}.Debug|Any CPU.Build.0 = Debug|Any CPU
		{62ef6651-b149-f883-4ce9-414b06c593e4}.Debug|Any CPU.ActiveCfg = Debug|Any CPU
		{62ef6651-b149-f883-4ce9-414b06c593e4}.Debug|Any CPU.Build.0 = Debug|Any CPU
		{a7e66def-7012-1ae1-b1fd-c1621edb193f}.Debug|Any CPU.ActiveCfg = Debug|Any CPU
		{a7e66def-7012-1ae1-b1fd-c1621edb193f}.Debug|Any CPU.Build.0 = Debug|Any CPU
		{cf9a3a48-1e62-1aaf-e9d1-0912c749b32f}.Debug|Any CPU.ActiveCfg = Debug|Any CPU
		{cf9a3a48-1e62-1aaf-e9d1-0912c749b32f}.Debug|Any CPU.Build.0 = Debug|Any CPU
		{d938f592-1bb7-37b0-0f15-4744fcbd9cdb}.Debug|Any CPU.ActiveCfg = Debug|Any CPU
		{d938f592-1bb7-37b0-0f15-4744fcbd9cdb}.Debug|Any CPU.Build.0 = Debug|Any CPU
		{230dbdc1-e576-b80d-f998-df084aab2e0d}.Debug|Any CPU.ActiveCfg = Debug|Any CPU
		{230dbdc1-e576-b80d-f998-df084aab2e0d}.Debug|Any CPU.Build.0 = Debug|Any CPU
		{cf19554f-e3d7-1a02-6e78-ce036fd99d7f}.Debug|Any CPU.ActiveCfg = Debug|Any CPU
		{cf19554f-e3d7-1a02-6e78-ce036fd99d7f}.Debug|Any CPU.Build.0 = Debug|Any CPU
		{b28fb5b2-6244-0c6b-a872-40dd957e5fe0}.Debug|Any CPU.ActiveCfg = Debug|Any CPU
		{b28fb5b2-6244-0c6b-a872-40dd957e5fe0}.Debug|Any CPU.Build.0 = Debug|Any CPU
		{7ac58f46-0b55-b77a-2da2-a2d4c0428819}.Debug|Any CPU.ActiveCfg = Debug|Any CPU
		{7ac58f46-0b55-b77a-2da2-a2d4c0428819}.Debug|Any CPU.Build.0 = Debug|Any CPU
		{5a37998e-277c-4eaf-6b8d-74b18ceda23c}.Debug|Any CPU.ActiveCfg = Debug|Any CPU
		{5a37998e-277c-4eaf-6b8d-74b18ceda23c}.Debug|Any CPU.Build.0 = Debug|Any CPU
		{bd4b215b-febe-3b31-abba-9017d95f2441}.Debug|Any CPU.ActiveCfg = Debug|Any CPU
		{bd4b215b-febe-3b31-abba-9017d95f2441}.Debug|Any CPU.Build.0 = Debug|Any CPU
		{2df4b4e3-b466-ff9f-daca-fc7298f5ebfa}.Debug|Any CPU.ActiveCfg = Debug|Any CPU
		{2df4b4e3-b466-ff9f-daca-fc7298f5ebfa}.Debug|Any CPU.Build.0 = Debug|Any CPU
		{210cded5-2771-6425-597b-b50456ea80a2}.Debug|Any CPU.ActiveCfg = Debug|Any CPU
		{210cded5-2771-6425-597b-b50456ea80a2}.Debug|Any CPU.Build.0 = Debug|Any CPU
		{8c52a1bb-9f20-b73f-d513-0c4ffdb49d2f}.Debug|Any CPU.ActiveCfg = Debug|Any CPU
		{8c52a1bb-9f20-b73f-d513-0c4ffdb49d2f}.Debug|Any CPU.Build.0 = Debug|Any CPU
		{4e861c9a-a1be-fbee-ca45-cf9c1e24c27e}.Debug|Any CPU.ActiveCfg = Debug|Any CPU
		{4e861c9a-a1be-fbee-ca45-cf9c1e24c27e}.Debug|Any CPU.Build.0 = Debug|Any CPU
		{e9b01e3b-5011-d24b-8276-56b8f8951aad}.Debug|Any CPU.ActiveCfg = Debug|Any CPU
		{e9b01e3b-5011-d24b-8276-56b8f8951aad}.Debug|Any CPU.Build.0 = Debug|Any CPU
		{a095f737-2d7b-edf2-d868-2c8f2c06fa1d}.Debug|Any CPU.ActiveCfg = Debug|Any CPU
		{a095f737-2d7b-edf2-d868-2c8f2c06fa1d}.Debug|Any CPU.Build.0 = Debug|Any CPU
		{0236bd79-9ef4-5ffc-d168-d55e8032f8c9}.Debug|Any CPU.ActiveCfg = Debug|Any CPU
		{0236bd79-9ef4-5ffc-d168-d55e8032f8c9}.Debug|Any CPU.Build.0 = Debug|Any CPU
		{9c4f6a32-f020-78e0-29a3-6605a766ba46}.Debug|Any CPU.ActiveCfg = Debug|Any CPU
		{9c4f6a32-f020-78e0-29a3-6605a766ba46}.Debug|Any CPU.Build.0 = Debug|Any CPU
		{9ac698a3-68ea-62d1-d2f9-ca9d1769f037}.Debug|Any CPU.ActiveCfg = Debug|Any CPU
		{9ac698a3-68ea-62d1-d2f9-ca9d1769f037}.Debug|Any CPU.Build.0 = Debug|Any CPU
		{f065fe02-6efa-2ffb-dc1e-cb733254dfaf}.Debug|Any CPU.ActiveCfg = Debug|Any CPU
		{f065fe02-6efa-2ffb-dc1e-cb733254dfaf}.Debug|Any CPU.Build.0 = Debug|Any CPU
		{f09ed546-8867-0dc1-25dd-0d8144eb4b31}.Debug|Any CPU.ActiveCfg = Debug|Any CPU
		{f09ed546-8867-0dc1-25dd-0d8144eb4b31}.Debug|Any CPU.Build.0 = Debug|Any CPU
		{bee6e4e9-c8a4-2e59-9f83-d43ce19f23b2}.Debug|Any CPU.ActiveCfg = Debug|Any CPU
		{bee6e4e9-c8a4-2e59-9f83-d43ce19f23b2}.Debug|Any CPU.Build.0 = Debug|Any CPU
		{378c8d03-8db1-14de-77ee-3da758a93ec5}.Debug|Any CPU.ActiveCfg = Debug|Any CPU
		{378c8d03-8db1-14de-77ee-3da758a93ec5}.Debug|Any CPU.Build.0 = Debug|Any CPU
		{8c78bd32-0ab7-308d-7755-45aed3715aff}.Debug|Any CPU.ActiveCfg = Debug|Any CPU
		{8c78bd32-0ab7-308d-7755-45aed3715aff}.Debug|Any CPU.Build.0 = Debug|Any CPU
		{c15754f4-52d7-4cf3-8bb7-f28c624539a7}.Debug|Any CPU.ActiveCfg = Debug|Any CPU
		{c15754f4-52d7-4cf3-8bb7-f28c624539a7}.Debug|Any CPU.Build.0 = Debug|Any CPU
		{7e13d519-5798-512e-f467-e531e3a8d35d}.Debug|Any CPU.ActiveCfg = Debug|Any CPU
		{7e13d519-5798-512e-f467-e531e3a8d35d}.Debug|Any CPU.Build.0 = Debug|Any CPU
		{b06d3ca6-b357-d955-b036-6a8215d8523a}.Debug|Any CPU.ActiveCfg = Debug|Any CPU
		{b06d3ca6-b357-d955-b036-6a8215d8523a}.Debug|Any CPU.Build.0 = Debug|Any CPU
		{752cb18e-d8e8-1481-2aa9-038d7431eee6}.Debug|Any CPU.ActiveCfg = Debug|Any CPU
		{752cb18e-d8e8-1481-2aa9-038d7431eee6}.Debug|Any CPU.Build.0 = Debug|Any CPU
		{a76e8d15-bdcd-2d77-a052-026874086e0d}.Debug|Any CPU.ActiveCfg = Debug|Any CPU
		{a76e8d15-bdcd-2d77-a052-026874086e0d}.Debug|Any CPU.Build.0 = Debug|Any CPU
		{95b2abba-d3a0-2600-0048-15fa25928375}.Debug|Any CPU.ActiveCfg = Debug|Any CPU
		{95b2abba-d3a0-2600-0048-15fa25928375}.Debug|Any CPU.Build.0 = Debug|Any CPU
		{320b1eb4-dabe-dd6a-5b8c-92ceb548c46e}.Debug|Any CPU.ActiveCfg = Debug|Any CPU
		{320b1eb4-dabe-dd6a-5b8c-92ceb548c46e}.Debug|Any CPU.Build.0 = Debug|Any CPU
		{7f9f6ee0-ff5d-bfc9-47e3-f93e224f6601}.Debug|Any CPU.ActiveCfg = Debug|Any CPU
		{7f9f6ee0-ff5d-bfc9-47e3-f93e224f6601}.Debug|Any CPU.Build.0 = Debug|Any CPU
		{9d80f422-0f1d-d975-251a-2f79ca1d37ac}.Debug|Any CPU.ActiveCfg = Debug|Any CPU
		{9d80f422-0f1d-d975-251a-2f79ca1d37ac}.Debug|Any CPU.Build.0 = Debug|Any CPU
		{2f27e388-081e-aeda-632c-0e9a8d0c262a}.Debug|Any CPU.ActiveCfg = Debug|Any CPU
		{2f27e388-081e-aeda-632c-0e9a8d0c262a}.Debug|Any CPU.Build.0 = Debug|Any CPU
		{9da403d9-ed46-c345-cec9-3c56c78780f4}.Debug|Any CPU.ActiveCfg = Debug|Any CPU
		{9da403d9-ed46-c345-cec9-3c56c78780f4}.Debug|Any CPU.Build.0 = Debug|Any CPU
		{54695ee6-b521-97d0-f842-daf2883497f2}.Debug|Any CPU.ActiveCfg = Debug|Any CPU
		{54695ee6-b521-97d0-f842-daf2883497f2}.Debug|Any CPU.Build.0 = Debug|Any CPU
		{3f2fe96c-1e54-08b0-816d-f7b5b85f0597}.Debug|Any CPU.ActiveCfg = Debug|Any CPU
		{3f2fe96c-1e54-08b0-816d-f7b5b85f0597}.Debug|Any CPU.Build.0 = Debug|Any CPU
	EndGlobalSection
	GlobalSection(SolutionProperties) = preSolution
		HideSolutionNode = FALSE
	EndGlobalSection
EndGlobal
